
Microsoft Visual Studio Solution File, Format Version 12.00
# Visual Studio 2012
Project("{FAE04EC0-301F-11D3-BF4B-00C04F79EFBC}") = "Cir", "Cir\Cir.csproj", "{7086CC4F-1B66-43B7-8150-54CAF4E8DBA9}"
EndProject
Global
	GlobalSection(SolutionConfigurationPlatforms) = preSolution
		Debug|Any CPU = Debug|Any CPU
		Release|Any CPU = Release|Any CPU
	EndGlobalSection
	GlobalSection(ProjectConfigurationPlatforms) = postSolution
		{7086CC4F-1B66-43B7-8150-54CAF4E8DBA9}.Debug|Any CPU.ActiveCfg = Debug|Any CPU
		{7086CC4F-1B66-43B7-8150-54CAF4E8DBA9}.Debug|Any CPU.Build.0 = Debug|Any CPU
		{7086CC4F-1B66-43B7-8150-54CAF4E8DBA9}.Release|Any CPU.ActiveCfg = Release|Any CPU
		{7086CC4F-1B66-43B7-8150-54CAF4E8DBA9}.Release|Any CPU.Build.0 = Release|Any CPU
	EndGlobalSection
	GlobalSection(SolutionProperties) = preSolution
		HideSolutionNode = FALSE
	EndGlobalSection
EndGlobal
